
Microsoft Visual Studio Solution File, Format Version 12.00
# Visual Studio Version 17
VisualStudioVersion = 17.4.33213.308
MinimumVisualStudioVersion = 10.0.40219.1
Project("{FAE04EC0-301F-11D3-BF4B-00C04F79EFBC}") = "OnlineSales.Plugin.WaveService", "OnlineSales.Plugin.WaveService.csproj", "{62FF63C2-56C5-4FB6-A72D-049C094A0CF3}"
EndProject
Global
	GlobalSection(SolutionConfigurationPlatforms) = preSolution
		Debug|Any CPU = Debug|Any CPU
		Release|Any CPU = Release|Any CPU
	EndGlobalSection
	GlobalSection(ProjectConfigurationPlatforms) = postSolution
		{62FF63C2-56C5-4FB6-A72D-049C094A0CF3}.Debug|Any CPU.ActiveCfg = Debug|Any CPU
		{62FF63C2-56C5-4FB6-A72D-049C094A0CF3}.Debug|Any CPU.Build.0 = Debug|Any CPU
		{62FF63C2-56C5-4FB6-A72D-049C094A0CF3}.Release|Any CPU.ActiveCfg = Release|Any CPU
		{62FF63C2-56C5-4FB6-A72D-049C094A0CF3}.Release|Any CPU.Build.0 = Release|Any CPU
	EndGlobalSection
	GlobalSection(SolutionProperties) = preSolution
		HideSolutionNode = FALSE
	EndGlobalSection
	GlobalSection(ExtensibilityGlobals) = postSolution
		SolutionGuid = {816995E5-8841-470D-AE2D-5F52D9B7B140}
	EndGlobalSection
EndGlobal
