
Microsoft Visual Studio Solution File, Format Version 12.00
# Visual Studio Version 16
VisualStudioVersion = 25.0.1700.4
MinimumVisualStudioVersion = 10.0.40219.1
Project("{FAE04EC0-301F-11D3-BF4B-00C04F79EFBC}") = "OnlineSales", "OnlineSales\OnlineSales.csproj", "{BB4E7DE4-ADFA-4879-9201-66D048B7FB9A}"
EndProject
Project("{FAE04EC0-301F-11D3-BF4B-00C04F79EFBC}") = "OnlineSales.Tests", "OnlineSales.Tests\OnlineSales.Tests.csproj", "{F171F1B3-A6FE-4FF2-9762-935CD2A6A4E2}"
EndProject
Global
	GlobalSection(SolutionConfigurationPlatforms) = preSolution
		Debug|Any CPU = Debug|Any CPU
		Release|Any CPU = Release|Any CPU
	EndGlobalSection
	GlobalSection(ProjectConfigurationPlatforms) = postSolution
		{BB4E7DE4-ADFA-4879-9201-66D048B7FB9A}.Debug|Any CPU.ActiveCfg = Debug|Any CPU
		{BB4E7DE4-ADFA-4879-9201-66D048B7FB9A}.Debug|Any CPU.Build.0 = Debug|Any CPU
		{BB4E7DE4-ADFA-4879-9201-66D048B7FB9A}.Release|Any CPU.ActiveCfg = Release|Any CPU
		{BB4E7DE4-ADFA-4879-9201-66D048B7FB9A}.Release|Any CPU.Build.0 = Release|Any CPU
		{F171F1B3-A6FE-4FF2-9762-935CD2A6A4E2}.Debug|Any CPU.ActiveCfg = Debug|Any CPU
		{F171F1B3-A6FE-4FF2-9762-935CD2A6A4E2}.Debug|Any CPU.Build.0 = Debug|Any CPU
		{F171F1B3-A6FE-4FF2-9762-935CD2A6A4E2}.Release|Any CPU.ActiveCfg = Release|Any CPU
		{F171F1B3-A6FE-4FF2-9762-935CD2A6A4E2}.Release|Any CPU.Build.0 = Release|Any CPU
	EndGlobalSection
	GlobalSection(SolutionProperties) = preSolution
		HideSolutionNode = FALSE
	EndGlobalSection
	GlobalSection(ExtensibilityGlobals) = postSolution
		SolutionGuid = {6EF3C125-1622-4B2D-8E00-69AF3F2CF063}
	EndGlobalSection
EndGlobal
